{
  "lockfileVersion": 1,
  "configVersion": 1,
  "workspaces": {
    "": {
      "name": "sidediff",
      "dependencies": {
        "odiff-bin": "^4.5.0",
        "playwright": "^1.50.0",
      },
      "devDependencies": {
        "@types/bun": "latest",
        "typescript": "^5.7.0",
      },
    },
  },
  "packages": {
    "@odiff/darwin-arm64": ["@odiff/darwin-arm64@4.5.0", "", { "os": "darwin", "cpu": "arm64" }, "sha512-fztpr/73BNwJqua2xSjGaxkZr9xMVDqYFIKFnZS/MAW1MzHg6lN9r0kno2aY9FSIbCyE6c6/0MqbHs/+AkDhXw=="],

    "@odiff/darwin-x64": ["@odiff/darwin-x64@4.5.0", "", { "os": "darwin", "cpu": "x64" }, "sha512-UXm/Ak+arL5tP8fwUNKR8vuuUGtm9aYOPS2oLzhkoV5/GfK5vY09nusW6Z5c5ka9VYQQyDHRKOUieXTIZKNdxg=="],

    "@odiff/linux-arm64": ["@odiff/linux-arm64@4.5.0", "", { "os": "linux", "cpu": "arm64" }, "sha512-tAuSZSW4H6D6rscqpTtZ68dzK+FxbeSSzJHfJqcAmn9k7WWzXIseNRH6XLgFQE8t3bY1u6DqtOxQbE7nQV3ciw=="],

    "@odiff/linux-riscv64": ["@odiff/linux-riscv64@4.5.0", "", { "os": "linux", "cpu": "none" }, "sha512-LZ42duK8HpPWNTJplqPufQWD9d5ce26imO1DOHWJoq6sGrYaNaihHJNXOX6EV363lmSEeEZNXZr+xOMgOGJoVg=="],

    "@odiff/linux-x64": ["@odiff/linux-x64@4.5.0", "", { "os": "linux", "cpu": "x64" }, "sha512-9Png/tO5M70Btcsv68wvIGk2GXIbc2CAw71rbeSOyUm7acFK/rOOCt5m4aJR4ZPC+bqEpB5RBp0kccNv9/Ji3A=="],

    "@odiff/win32-arm64": ["@odiff/win32-arm64@4.5.0", "", { "os": "win32", "cpu": "arm64" }, "sha512-Icz19TRoJXU6hEHppbEd8p4bGhDkE/aeECC/lnQuMMrUE14Meqmj+8Dwr+9/KWifIqDhgebwtH8wnNwH98x5/A=="],

    "@odiff/win32-x64": ["@odiff/win32-x64@4.5.0", "", { "os": "win32", "cpu": "x64" }, "sha512-KSwUwFSmIbLxM+aJPrQggqLhMD+AUJMtsxX531Oiskp1n3z3o2V/6meIBdY6w7ZXb6ZvU/M1WjojPViCqiQFLw=="],

    "@types/bun": ["@types/bun@1.3.14", "", { "dependencies": { "bun-types": "1.3.14" } }, "sha512-h1hFqFVcvAvD9j9K7ZW7vd82aSA+rTdznZa+5bwvCwqSB1jmmfLcbIWhOLx1/+boy/xmjgCs/OMUL8hRJSmnPw=="],

    "@types/node": ["@types/node@26.2.0", "", { "dependencies": { "undici-types": "~8.3.0" } }, "sha512-5IviulTZeRNp2vAJ514cc/HUlY5nZ9fCbq9DMyC52BrhFZACo3nI0R7qBxhQmo/d27NFe96ur/b7Wwxklda+kg=="],

    "bun-types": ["bun-types@1.3.14", "", { "dependencies": { "@types/node": "*" } }, "sha512-4N0ig0fEomHt5R0KCFWjovxow98rIoRwKolrYdCcknNwMekCXRnWEUvgu5soYV8QXtVsrUD8B95MBOZGPvr6KQ=="],

    "fsevents": ["fsevents@2.3.2", "", { "os": "darwin" }, "sha512-xiqMQR4xAeHTuB9uWm+fFRcIOgKBMiOBP+eXiyT7jsgVCq1bkVygt00oASowB7EdtpOHaaPgKt812P9ab+DDKA=="],

    "odiff-bin": ["odiff-bin@4.5.0", "", { "optionalDependencies": { "@odiff/darwin-arm64": "4.5.0", "@odiff/darwin-x64": "4.5.0", "@odiff/linux-arm64": "4.5.0", "@odiff/linux-riscv64": "4.5.0", "@odiff/linux-x64": "4.5.0", "@odiff/win32-arm64": "4.5.0", "@odiff/win32-x64": "4.5.0" }, "bin": { "odiff": "bin/odiff" } }, "sha512-FaXidbI0XDLCjLAet5n5OvRDfr6Fwt/C5SyWPfwgSUvYhCej1rjZjDXb/xdk+N6yTOCeAFaJ5mwTmU4ZthvPaA=="],

    "playwright": ["playwright@1.62.1", "", { "dependencies": { "playwright-core": "1.62.1" }, "optionalDependencies": { "fsevents": "2.3.2" }, "bin": { "playwright": "cli.js" } }, "sha512-0M+L3LAD8/nm554LOla9Ayx0j0tmFZ0FBcoQ7F1VuVHpM/XpiC8RcDzBQB8W5+hA8L22THxELzeF+2WcUzvcLg=="],

    "playwright-core": ["playwright-core@1.62.1", "", { "bin": { "playwright-core": "cli.js" } }, "sha512-wPYSwEBJY9GHraISXqyqtx0na0LpO3XEX7jNDhntbex7tzUS7kLnZsOlFruFJB4Hi/rhDMjXGqHewDZ68nYZVw=="],

    "typescript": ["typescript@5.9.3", "", { "bin": { "tsc": "bin/tsc", "tsserver": "bin/tsserver" } }, "sha512-jl1vZzPDinLr9eUt3J/t7V6FgNEw9QjvBPdysz9KfQDD41fQrC2Y4vKQdiaUpFT4bXlb1RHhLpp8wtm6M5TgSw=="],

    "undici-types": ["undici-types@8.3.0", "", {}, "sha512-j375ScV60dom+YkPFIfTLcOiPxkN/buHz5GobjLhixFuANaNs3C9l4GmrWqejgXWJ7BbJcFYpTEUkS1Ge8bpZQ=="],
  }
}
